// !$*UTF8*$!
{
	archiveVersion = 1;
	classes = {
	};
	objectVersion = 46;
	objects = {

/* Begin PBXAggregateTarget section */
		82B09E70123543700006D003 /* Documentation */ = {
			isa = PBXAggregateTarget;
			buildConfigurationList = 82B09E781235438A0006D003 /* Build configuration list for PBXAggregateTarget "Documentation" */;
			buildPhases = (
				82B09E6F123543700006D003 /* ShellScript */,
			);
			dependencies = (
			);
			name = Documentation;
			productName = Documentation;
		};
/* End PBXAggregateTarget section */

/* Begin PBXBuildFile section */
		8231532B1577816900D73D75 /* SenTestingKit.framework in Frameworks */ = {isa = PBXBuildFile; fileRef = 82F79916149924E900920028 /* SenTestingKit.framework */; };
		8231532D1577816900D73D75 /* UIKit.framework in Frameworks */ = {isa = PBXBuildFile; fileRef = 8231532C1577816900D73D75 /* UIKit.framework */; };
		8231532E1577816900D73D75 /* Foundation.framework in Frameworks */ = {isa = PBXBuildFile; fileRef = 827902D614979B0C0018F19E /* Foundation.framework */; };
		823153341577816900D73D75 /* InfoPlist.strings in Resources */ = {isa = PBXBuildFile; fileRef = 823153321577816900D73D75 /* InfoPlist.strings */; };
		823153371577816900D73D75 /* TumblrKit_Tests_for_iOS.m in Sources */ = {isa = PBXBuildFile; fileRef = 823153361577816900D73D75 /* TumblrKit_Tests_for_iOS.m */; };
		8279032B1497E53E0018F19E /* Foundation.framework in Frameworks */ = {isa = PBXBuildFile; fileRef = 827902D614979B0C0018F19E /* Foundation.framework */; };
		827903311497E53E0018F19E /* TumblrKit_for_iOS.m in Sources */ = {isa = PBXBuildFile; fileRef = 827903301497E53E0018F19E /* TumblrKit_for_iOS.m */; };
		8279034F1497E5860018F19E /* Cocoa.framework in Frameworks */ = {isa = PBXBuildFile; fileRef = 827902FF1497E4600018F19E /* Cocoa.framework */; };
		827903551497E5860018F19E /* InfoPlist.strings in Resources */ = {isa = PBXBuildFile; fileRef = 827903531497E5860018F19E /* InfoPlist.strings */; };
		827903591497E5860018F19E /* TumblrKit_for_Mac.m in Sources */ = {isa = PBXBuildFile; fileRef = 827903581497E5860018F19E /* TumblrKit_for_Mac.m */; };
		82F798F31497E78A00920028 /* NSDictionary+TumblrKit.m in Sources */ = {isa = PBXBuildFile; fileRef = 82B09F41123664CD0006D003 /* NSDictionary+TumblrKit.m */; };
		82F798F41497E78A00920028 /* NSString+TumblrKit.m in Sources */ = {isa = PBXBuildFile; fileRef = 826CD95D11EDDAD600F5CB24 /* NSString+TumblrKit.m */; };
		82F798F51497E78A00920028 /* TKPost.m in Sources */ = {isa = PBXBuildFile; fileRef = 827E467711EB0D9100684466 /* TKPost.m */; };
		82F798F61497E78A00920028 /* TKTumblr.m in Sources */ = {isa = PBXBuildFile; fileRef = 82B09EAF123643A70006D003 /* TKTumblr.m */; };
		82F798F71497E78A00920028 /* TKTumblrReadRequest.m in Sources */ = {isa = PBXBuildFile; fileRef = 82B0A018123675EF0006D003 /* TKTumblrReadRequest.m */; };
		82F798F81497E78A00920028 /* TKTumblelog.m in Sources */ = {isa = PBXBuildFile; fileRef = 821DE1CE1237D09300B6A45D /* TKTumblelog.m */; };
		82F798FA1497E7A400920028 /* NSDictionary+TumblrKit.m in Sources */ = {isa = PBXBuildFile; fileRef = 82B09F41123664CD0006D003 /* NSDictionary+TumblrKit.m */; };
		82F798FB1497E7A400920028 /* NSString+TumblrKit.m in Sources */ = {isa = PBXBuildFile; fileRef = 826CD95D11EDDAD600F5CB24 /* NSString+TumblrKit.m */; };
		82F798FC1497E7A400920028 /* TKPost.m in Sources */ = {isa = PBXBuildFile; fileRef = 827E467711EB0D9100684466 /* TKPost.m */; };
		82F798FD1497E7A400920028 /* TKTumblr.m in Sources */ = {isa = PBXBuildFile; fileRef = 82B09EAF123643A70006D003 /* TKTumblr.m */; };
		82F798FE1497E7A400920028 /* TKTumblrReadRequest.m in Sources */ = {isa = PBXBuildFile; fileRef = 82B0A018123675EF0006D003 /* TKTumblrReadRequest.m */; };
		82F798FF1497E7A400920028 /* TKTumblelog.m in Sources */ = {isa = PBXBuildFile; fileRef = 821DE1CE1237D09300B6A45D /* TKTumblelog.m */; };
		82F799011497E7E700920028 /* UIKit.framework in Frameworks */ = {isa = PBXBuildFile; fileRef = 827902F71497E2A90018F19E /* UIKit.framework */; };
		82F799051497ED7A00920028 /* TKRequest.m in Sources */ = {isa = PBXBuildFile; fileRef = 82F799031497ED4E00920028 /* TKRequest.m */; };
		82F799081497F27300920028 /* TKPostsRequest.h in Headers */ = {isa = PBXBuildFile; fileRef = 82F799061497F27300920028 /* TKPostsRequest.h */; };
		82F799091497F27300920028 /* TKPostsRequest.h in Headers */ = {isa = PBXBuildFile; fileRef = 82F799061497F27300920028 /* TKPostsRequest.h */; };
		82F7990A1497F27300920028 /* TKPostsRequest.m in Sources */ = {isa = PBXBuildFile; fileRef = 82F799071497F27300920028 /* TKPostsRequest.m */; };
		82F7990B1497F27300920028 /* TKPostsRequest.m in Sources */ = {isa = PBXBuildFile; fileRef = 82F799071497F27300920028 /* TKPostsRequest.m */; };
		82F7990F1499244800920028 /* TKRequest.m in Sources */ = {isa = PBXBuildFile; fileRef = 82F799031497ED4E00920028 /* TKRequest.m */; };
		82F79917149924E900920028 /* SenTestingKit.framework in Frameworks */ = {isa = PBXBuildFile; fileRef = 82F79916149924E900920028 /* SenTestingKit.framework */; };
		82F79918149924E900920028 /* Cocoa.framework in Frameworks */ = {isa = PBXBuildFile; fileRef = 827902FF1497E4600018F19E /* Cocoa.framework */; };
		82F7991E149924E900920028 /* InfoPlist.strings in Resources */ = {isa = PBXBuildFile; fileRef = 82F7991C149924E900920028 /* InfoPlist.strings */; };
		82F79921149924E900920028 /* TumblrKit_Tests_for_Mac.m in Sources */ = {isa = PBXBuildFile; fileRef = 82F79920149924E900920028 /* TumblrKit_Tests_for_Mac.m */; };
		82F799281499266E00920028 /* TumblrKit.framework in Frameworks */ = {isa = PBXBuildFile; fileRef = 8279034E1497E5860018F19E /* TumblrKit.framework */; };
		82F7992B14992ED100920028 /* TKPostsResponse.h in Headers */ = {isa = PBXBuildFile; fileRef = 82F7992914992ED100920028 /* TKPostsResponse.h */; };
		82F7992C14992ED100920028 /* TKPostsResponse.h in Headers */ = {isa = PBXBuildFile; fileRef = 82F7992914992ED100920028 /* TKPostsResponse.h */; };
		82F7992D14992ED100920028 /* TKPostsResponse.m in Sources */ = {isa = PBXBuildFile; fileRef = 82F7992A14992ED100920028 /* TKPostsResponse.m */; };
		82F7992E14992ED100920028 /* TKPostsResponse.m in Sources */ = {isa = PBXBuildFile; fileRef = 82F7992A14992ED100920028 /* TKPostsResponse.m */; };
		82F79931149A167B00920028 /* TKTumblelogsRequest.h in Headers */ = {isa = PBXBuildFile; fileRef = 82F7992F149A167A00920028 /* TKTumblelogsRequest.h */; };
		82F79932149A167B00920028 /* TKTumblelogsRequest.h in Headers */ = {isa = PBXBuildFile; fileRef = 82F7992F149A167A00920028 /* TKTumblelogsRequest.h */; };
		82F79933149A167B00920028 /* TKTumblelogsRequest.m in Sources */ = {isa = PBXBuildFile; fileRef = 82F79930149A167A00920028 /* TKTumblelogsRequest.m */; };
		82F79934149A167B00920028 /* TKTumblelogsRequest.m in Sources */ = {isa = PBXBuildFile; fileRef = 82F79930149A167A00920028 /* TKTumblelogsRequest.m */; };
		82F79937149A19F500920028 /* TKTumblelogsResponse.h in Headers */ = {isa = PBXBuildFile; fileRef = 82F79935149A19F500920028 /* TKTumblelogsResponse.h */; };
		82F79938149A19F500920028 /* TKTumblelogsResponse.h in Headers */ = {isa = PBXBuildFile; fileRef = 82F79935149A19F500920028 /* TKTumblelogsResponse.h */; };
		82F79939149A19F500920028 /* TKTumblelogsResponse.m in Sources */ = {isa = PBXBuildFile; fileRef = 82F79936149A19F500920028 /* TKTumblelogsResponse.m */; };
		82F7993A149A19F500920028 /* TKTumblelogsResponse.m in Sources */ = {isa = PBXBuildFile; fileRef = 82F79936149A19F500920028 /* TKTumblelogsResponse.m */; };
/* End PBXBuildFile section */

/* Begin PBXContainerItemProxy section */
		82F79926149924FA00920028 /* PBXContainerItemProxy */ = {
			isa = PBXContainerItemProxy;
			containerPortal = 0867D690FE84028FC02AAC07 /* Project object */;
			proxyType = 1;
			remoteGlobalIDString = 8279034D1497E5860018F19E;
			remoteInfo = "TumblrKit for Mac";
		};
/* End PBXContainerItemProxy section */

/* Begin PBXFileReference section */
		0867D69BFE84028FC02AAC07 /* Foundation.framework */ = {isa = PBXFileReference; lastKnownFileType = wrapper.framework; name = Foundation.framework; path = /System/Library/Frameworks/Foundation.framework; sourceTree = "<absolute>"; };
		089C1667FE841158C02AAC07 /* English */ = {isa = PBXFileReference; fileEncoding = 4; lastKnownFileType = text.plist.strings; name = English; path = English.lproj/InfoPlist.strings; sourceTree = "<group>"; };
		821384C812DF309700547830 /* MIT-LICENSE.txt */ = {isa = PBXFileReference; fileEncoding = 4; lastKnownFileType = text; path = "MIT-LICENSE.txt"; sourceTree = "<group>"; };
		821DE1CD1237D09300B6A45D /* TKTumblelog.h */ = {isa = PBXFileReference; fileEncoding = 4; lastKnownFileType = sourcecode.c.h; path = TKTumblelog.h; sourceTree = "<group>"; };
		821DE1CE1237D09300B6A45D /* TKTumblelog.m */ = {isa = PBXFileReference; fileEncoding = 4; lastKnownFileType = sourcecode.c.objc; path = TKTumblelog.m; sourceTree = "<group>"; };
		8231532A1577816900D73D75 /* TumblrKit Tests for iOS.octest */ = {isa = PBXFileReference; explicitFileType = wrapper.cfbundle; includeInIndex = 0; path = "TumblrKit Tests for iOS.octest"; sourceTree = BUILT_PRODUCTS_DIR; };
		8231532C1577816900D73D75 /* UIKit.framework */ = {isa = PBXFileReference; lastKnownFileType = wrapper.framework; name = UIKit.framework; path = Library/Frameworks/UIKit.framework; sourceTree = DEVELOPER_DIR; };
		823153311577816900D73D75 /* TumblrKit Tests for iOS-Info.plist */ = {isa = PBXFileReference; lastKnownFileType = text.plist.xml; path = "TumblrKit Tests for iOS-Info.plist"; sourceTree = "<group>"; };
		823153331577816900D73D75 /* en */ = {isa = PBXFileReference; lastKnownFileType = text.plist.strings; name = en; path = en.lproj/InfoPlist.strings; sourceTree = "<group>"; };
		823153351577816900D73D75 /* TumblrKit_Tests_for_iOS.h */ = {isa = PBXFileReference; lastKnownFileType = sourcecode.c.h; path = TumblrKit_Tests_for_iOS.h; sourceTree = "<group>"; };
		823153361577816900D73D75 /* TumblrKit_Tests_for_iOS.m */ = {isa = PBXFileReference; lastKnownFileType = sourcecode.c.objc; path = TumblrKit_Tests_for_iOS.m; sourceTree = "<group>"; };
		823153381577816900D73D75 /* TumblrKit Tests for iOS-Prefix.pch */ = {isa = PBXFileReference; lastKnownFileType = sourcecode.c.h; path = "TumblrKit Tests for iOS-Prefix.pch"; sourceTree = "<group>"; };
		826CD95C11EDDAD600F5CB24 /* NSString+TumblrKit.h */ = {isa = PBXFileReference; fileEncoding = 4; lastKnownFileType = sourcecode.c.h; path = "NSString+TumblrKit.h"; sourceTree = "<group>"; };
		826CD95D11EDDAD600F5CB24 /* NSString+TumblrKit.m */ = {isa = PBXFileReference; fileEncoding = 4; lastKnownFileType = sourcecode.c.objc; path = "NSString+TumblrKit.m"; sourceTree = "<group>"; };
		827902D614979B0C0018F19E /* Foundation.framework */ = {isa = PBXFileReference; lastKnownFileType = wrapper.framework; name = Foundation.framework; path = System/Library/Frameworks/Foundation.framework; sourceTree = SDKROOT; };
		827902F71497E2A90018F19E /* UIKit.framework */ = {isa = PBXFileReference; lastKnownFileType = wrapper.framework; name = UIKit.framework; path = Platforms/iPhoneOS.platform/Developer/SDKs/iPhoneOS5.0.sdk/System/Library/Frameworks/UIKit.framework; sourceTree = DEVELOPER_DIR; };
		827902FF1497E4600018F19E /* Cocoa.framework */ = {isa = PBXFileReference; lastKnownFileType = wrapper.framework; name = Cocoa.framework; path = System/Library/Frameworks/Cocoa.framework; sourceTree = SDKROOT; };
		827903021497E4600018F19E /* AppKit.framework */ = {isa = PBXFileReference; lastKnownFileType = wrapper.framework; name = AppKit.framework; path = System/Library/Frameworks/AppKit.framework; sourceTree = SDKROOT; };
		827903031497E4600018F19E /* CoreData.framework */ = {isa = PBXFileReference; lastKnownFileType = wrapper.framework; name = CoreData.framework; path = System/Library/Frameworks/CoreData.framework; sourceTree = SDKROOT; };
		827903041497E4600018F19E /* Foundation.framework */ = {isa = PBXFileReference; lastKnownFileType = wrapper.framework; name = Foundation.framework; path = System/Library/Frameworks/Foundation.framework; sourceTree = SDKROOT; };
		8279032A1497E53E0018F19E /* libTumblrKit.a */ = {isa = PBXFileReference; explicitFileType = archive.ar; includeInIndex = 0; path = libTumblrKit.a; sourceTree = BUILT_PRODUCTS_DIR; };
		8279032E1497E53E0018F19E /* TumblrKit for iOS-Prefix.pch */ = {isa = PBXFileReference; lastKnownFileType = sourcecode.c.h; path = "TumblrKit for iOS-Prefix.pch"; sourceTree = "<group>"; };
		8279032F1497E53E0018F19E /* TumblrKit_for_iOS.h */ = {isa = PBXFileReference; lastKnownFileType = sourcecode.c.h; path = TumblrKit_for_iOS.h; sourceTree = "<group>"; };
		827903301497E53E0018F19E /* TumblrKit_for_iOS.m */ = {isa = PBXFileReference; lastKnownFileType = sourcecode.c.objc; path = TumblrKit_for_iOS.m; sourceTree = "<group>"; };
		8279034E1497E5860018F19E /* TumblrKit.framework */ = {isa = PBXFileReference; explicitFileType = wrapper.framework; includeInIndex = 0; path = TumblrKit.framework; sourceTree = BUILT_PRODUCTS_DIR; };
		827903521497E5860018F19E /* TumblrKit for Mac-Info.plist */ = {isa = PBXFileReference; lastKnownFileType = text.plist.xml; path = "TumblrKit for Mac-Info.plist"; sourceTree = "<group>"; };
		827903541497E5860018F19E /* en */ = {isa = PBXFileReference; lastKnownFileType = text.plist.strings; name = en; path = en.lproj/InfoPlist.strings; sourceTree = "<group>"; };
		827903561497E5860018F19E /* TumblrKit for Mac-Prefix.pch */ = {isa = PBXFileReference; lastKnownFileType = sourcecode.c.h; path = "TumblrKit for Mac-Prefix.pch"; sourceTree = "<group>"; };
		827903571497E5860018F19E /* TumblrKit_for_Mac.h */ = {isa = PBXFileReference; lastKnownFileType = sourcecode.c.h; path = TumblrKit_for_Mac.h; sourceTree = "<group>"; };
		827903581497E5860018F19E /* TumblrKit_for_Mac.m */ = {isa = PBXFileReference; lastKnownFileType = sourcecode.c.objc; path = TumblrKit_for_Mac.m; sourceTree = "<group>"; };
		827E467611EB0D9100684466 /* TKPost.h */ = {isa = PBXFileReference; fileEncoding = 4; lastKnownFileType = sourcecode.c.h; path = TKPost.h; sourceTree = "<group>"; };
		827E467711EB0D9100684466 /* TKPost.m */ = {isa = PBXFileReference; fileEncoding = 4; lastKnownFileType = sourcecode.c.objc; path = TKPost.m; sourceTree = "<group>"; };
		82A53DD011ED938C006BA92A /* TKTumblr.h */ = {isa = PBXFileReference; fileEncoding = 4; lastKnownFileType = sourcecode.c.h; path = TKTumblr.h; sourceTree = "<group>"; };
		82B09EAF123643A70006D003 /* TKTumblr.m */ = {isa = PBXFileReference; fileEncoding = 4; lastKnownFileType = sourcecode.c.objc; path = TKTumblr.m; sourceTree = "<group>"; };
		82B09F40123664CD0006D003 /* NSDictionary+TumblrKit.h */ = {isa = PBXFileReference; fileEncoding = 4; lastKnownFileType = sourcecode.c.h; path = "NSDictionary+TumblrKit.h"; sourceTree = "<group>"; };
		82B09F41123664CD0006D003 /* NSDictionary+TumblrKit.m */ = {isa = PBXFileReference; fileEncoding = 4; lastKnownFileType = sourcecode.c.objc; path = "NSDictionary+TumblrKit.m"; sourceTree = "<group>"; };
		82B0A017123675EF0006D003 /* TKTumblrReadRequest.h */ = {isa = PBXFileReference; fileEncoding = 4; lastKnownFileType = sourcecode.c.h; path = TKTumblrReadRequest.h; sourceTree = "<group>"; };
		82B0A018123675EF0006D003 /* TKTumblrReadRequest.m */ = {isa = PBXFileReference; fileEncoding = 4; lastKnownFileType = sourcecode.c.objc; path = TKTumblrReadRequest.m; sourceTree = "<group>"; };
		82B0A044123678940006D003 /* README.md */ = {isa = PBXFileReference; fileEncoding = 4; lastKnownFileType = text; path = README.md; sourceTree = "<group>"; };
		82F799021497ED4E00920028 /* TKRequest.h */ = {isa = PBXFileReference; fileEncoding = 4; lastKnownFileType = sourcecode.c.h; path = TKRequest.h; sourceTree = "<group>"; };
		82F799031497ED4E00920028 /* TKRequest.m */ = {isa = PBXFileReference; fileEncoding = 4; lastKnownFileType = sourcecode.c.objc; path = TKRequest.m; sourceTree = "<group>"; };
		82F799061497F27300920028 /* TKPostsRequest.h */ = {isa = PBXFileReference; fileEncoding = 4; lastKnownFileType = sourcecode.c.h; path = TKPostsRequest.h; sourceTree = "<group>"; };
		82F799071497F27300920028 /* TKPostsRequest.m */ = {isa = PBXFileReference; fileEncoding = 4; lastKnownFileType = sourcecode.c.objc; path = TKPostsRequest.m; sourceTree = "<group>"; };
		82F79915149924E900920028 /* TumblrKit Tests for Mac.octest */ = {isa = PBXFileReference; explicitFileType = wrapper.cfbundle; includeInIndex = 0; path = "TumblrKit Tests for Mac.octest"; sourceTree = BUILT_PRODUCTS_DIR; };
		82F79916149924E900920028 /* SenTestingKit.framework */ = {isa = PBXFileReference; lastKnownFileType = wrapper.framework; name = SenTestingKit.framework; path = Library/Frameworks/SenTestingKit.framework; sourceTree = DEVELOPER_DIR; };
		82F7991B149924E900920028 /* TumblrKit Tests for Mac-Info.plist */ = {isa = PBXFileReference; lastKnownFileType = text.plist.xml; path = "TumblrKit Tests for Mac-Info.plist"; sourceTree = "<group>"; };
		82F7991D149924E900920028 /* en */ = {isa = PBXFileReference; lastKnownFileType = text.plist.strings; name = en; path = en.lproj/InfoPlist.strings; sourceTree = "<group>"; };
		82F7991F149924E900920028 /* TumblrKit_Tests_for_Mac.h */ = {isa = PBXFileReference; lastKnownFileType = sourcecode.c.h; path = TumblrKit_Tests_for_Mac.h; sourceTree = "<group>"; };
		82F79920149924E900920028 /* TumblrKit_Tests_for_Mac.m */ = {isa = PBXFileReference; lastKnownFileType = sourcecode.c.objc; path = TumblrKit_Tests_for_Mac.m; sourceTree = "<group>"; };
		82F79922149924E900920028 /* TumblrKit Tests for Mac-Prefix.pch */ = {isa = PBXFileReference; lastKnownFileType = sourcecode.c.h; path = "TumblrKit Tests for Mac-Prefix.pch"; sourceTree = "<group>"; };
		82F7992914992ED100920028 /* TKPostsResponse.h */ = {isa = PBXFileReference; fileEncoding = 4; lastKnownFileType = sourcecode.c.h; path = TKPostsResponse.h; sourceTree = "<group>"; };
		82F7992A14992ED100920028 /* TKPostsResponse.m */ = {isa = PBXFileReference; fileEncoding = 4; lastKnownFileType = sourcecode.c.objc; path = TKPostsResponse.m; sourceTree = "<group>"; };
		82F7992F149A167A00920028 /* TKTumblelogsRequest.h */ = {isa = PBXFileReference; fileEncoding = 4; lastKnownFileType = sourcecode.c.h; path = TKTumblelogsRequest.h; sourceTree = "<group>"; };
		82F79930149A167A00920028 /* TKTumblelogsRequest.m */ = {isa = PBXFileReference; fileEncoding = 4; lastKnownFileType = sourcecode.c.objc; path = TKTumblelogsRequest.m; sourceTree = "<group>"; };
		82F79935149A19F500920028 /* TKTumblelogsResponse.h */ = {isa = PBXFileReference; fileEncoding = 4; lastKnownFileType = sourcecode.c.h; path = TKTumblelogsResponse.h; sourceTree = "<group>"; };
		82F79936149A19F500920028 /* TKTumblelogsResponse.m */ = {isa = PBXFileReference; fileEncoding = 4; lastKnownFileType = sourcecode.c.objc; path = TKTumblelogsResponse.m; sourceTree = "<group>"; };
		8DC2EF5A0486A6940098B216 /* Info.plist */ = {isa = PBXFileReference; fileEncoding = 4; lastKnownFileType = text.plist.xml; path = Info.plist; sourceTree = "<group>"; };
/* End PBXFileReference section */

/* Begin PBXFrameworksBuildPhase section */
		823153261577816900D73D75 /* Frameworks */ = {
			isa = PBXFrameworksBuildPhase;
			buildActionMask = 2147483647;
			files = (
				8231532B1577816900D73D75 /* SenTestingKit.framework in Frameworks */,
				8231532D1577816900D73D75 /* UIKit.framework in Frameworks */,
				8231532E1577816900D73D75 /* Foundation.framework in Frameworks */,
			);
			runOnlyForDeploymentPostprocessing = 0;
		};
		827903271497E53E0018F19E /* Frameworks */ = {
			isa = PBXFrameworksBuildPhase;
			buildActionMask = 2147483647;
			files = (
				82F799011497E7E700920028 /* UIKit.framework in Frameworks */,
				8279032B1497E53E0018F19E /* Foundation.framework in Frameworks */,
			);
			runOnlyForDeploymentPostprocessing = 0;
		};
		8279034A1497E5860018F19E /* Frameworks */ = {
			isa = PBXFrameworksBuildPhase;
			buildActionMask = 2147483647;
			files = (
				8279034F1497E5860018F19E /* Cocoa.framework in Frameworks */,
			);
			runOnlyForDeploymentPostprocessing = 0;
		};
		82F79911149924E900920028 /* Frameworks */ = {
			isa = PBXFrameworksBuildPhase;
			buildActionMask = 2147483647;
			files = (
				82F79917149924E900920028 /* SenTestingKit.framework in Frameworks */,
				82F799281499266E00920028 /* TumblrKit.framework in Frameworks */,
				82F79918149924E900920028 /* Cocoa.framework in Frameworks */,
			);
			runOnlyForDeploymentPostprocessing = 0;
		};
/* End PBXFrameworksBuildPhase section */

/* Begin PBXGroup section */
		034768DFFF38A50411DB9C8B /* Products */ = {
			isa = PBXGroup;
			children = (
				8279032A1497E53E0018F19E /* libTumblrKit.a */,
				8279034E1497E5860018F19E /* TumblrKit.framework */,
				82F79915149924E900920028 /* TumblrKit Tests for Mac.octest */,
				8231532A1577816900D73D75 /* TumblrKit Tests for iOS.octest */,
			);
			name = Products;
			sourceTree = "<group>";
		};
		0867D691FE84028FC02AAC07 /* TumblrKit */ = {
			isa = PBXGroup;
			children = (
				08FB77AEFE84172EC02AAC07 /* Classes */,
				32C88DFF0371C24200C91783 /* Other Sources */,
				089C1665FE841158C02AAC07 /* Resources */,
				0867D69AFE84028FC02AAC07 /* External Frameworks and Libraries */,
				8279032C1497E53E0018F19E /* TumblrKit for iOS */,
				827903501497E5860018F19E /* TumblrKit for Mac */,
				82F79919149924E900920028 /* TumblrKit Tests for Mac */,
				8231532F1577816900D73D75 /* TumblrKit Tests for iOS */,
				827902D514979B0C0018F19E /* Frameworks */,
				034768DFFF38A50411DB9C8B /* Products */,
			);
			name = TumblrKit;
			sourceTree = "<group>";
		};
		0867D69AFE84028FC02AAC07 /* External Frameworks and Libraries */ = {
			isa = PBXGroup;
			children = (
				1058C7B0FEA5585E11CA2CBB /* Linked Frameworks */,
				1058C7B2FEA5585E11CA2CBB /* Other Frameworks */,
			);
			name = "External Frameworks and Libraries";
			sourceTree = "<group>";
		};
		089C1665FE841158C02AAC07 /* Resources */ = {
			isa = PBXGroup;
			children = (
				8DC2EF5A0486A6940098B216 /* Info.plist */,
				089C1666FE841158C02AAC07 /* InfoPlist.strings */,
				82B0A044123678940006D003 /* README.md */,
				821384C812DF309700547830 /* MIT-LICENSE.txt */,
			);
			name = Resources;
			sourceTree = "<group>";
		};
		08FB77AEFE84172EC02AAC07 /* Classes */ = {
			isa = PBXGroup;
			children = (
				82B0A029123676790006D003 /* TumblrKit Additions */,
				827E467611EB0D9100684466 /* TKPost.h */,
				827E467711EB0D9100684466 /* TKPost.m */,
				82A53DD011ED938C006BA92A /* TKTumblr.h */,
				82B09EAF123643A70006D003 /* TKTumblr.m */,
				82B0A017123675EF0006D003 /* TKTumblrReadRequest.h */,
				82B0A018123675EF0006D003 /* TKTumblrReadRequest.m */,
				821DE1CD1237D09300B6A45D /* TKTumblelog.h */,
				821DE1CE1237D09300B6A45D /* TKTumblelog.m */,
				82F799021497ED4E00920028 /* TKRequest.h */,
				82F799031497ED4E00920028 /* TKRequest.m */,
				82F799061497F27300920028 /* TKPostsRequest.h */,
				82F799071497F27300920028 /* TKPostsRequest.m */,
				82F7992914992ED100920028 /* TKPostsResponse.h */,
				82F7992A14992ED100920028 /* TKPostsResponse.m */,
				82F7992F149A167A00920028 /* TKTumblelogsRequest.h */,
				82F79930149A167A00920028 /* TKTumblelogsRequest.m */,
				82F79935149A19F500920028 /* TKTumblelogsResponse.h */,
				82F79936149A19F500920028 /* TKTumblelogsResponse.m */,
			);
			name = Classes;
			sourceTree = "<group>";
		};
		1058C7B0FEA5585E11CA2CBB /* Linked Frameworks */ = {
			isa = PBXGroup;
			children = (
				827902F71497E2A90018F19E /* UIKit.framework */,
				0867D69BFE84028FC02AAC07 /* Foundation.framework */,
			);
			name = "Linked Frameworks";
			sourceTree = "<group>";
		};
		1058C7B2FEA5585E11CA2CBB /* Other Frameworks */ = {
			isa = PBXGroup;
			children = (
			);
			name = "Other Frameworks";
			sourceTree = "<group>";
		};
		32C88DFF0371C24200C91783 /* Other Sources */ = {
			isa = PBXGroup;
			children = (
			);
			name = "Other Sources";
			sourceTree = "<group>";
		};
		8231532F1577816900D73D75 /* TumblrKit Tests for iOS */ = {
			isa = PBXGroup;
			children = (
				823153351577816900D73D75 /* TumblrKit_Tests_for_iOS.h */,
				823153361577816900D73D75 /* TumblrKit_Tests_for_iOS.m */,
				823153301577816900D73D75 /* Supporting Files */,
			);
			path = "TumblrKit Tests for iOS";
			sourceTree = "<group>";
		};
		823153301577816900D73D75 /* Supporting Files */ = {
			isa = PBXGroup;
			children = (
				823153311577816900D73D75 /* TumblrKit Tests for iOS-Info.plist */,
				823153321577816900D73D75 /* InfoPlist.strings */,
				823153381577816900D73D75 /* TumblrKit Tests for iOS-Prefix.pch */,
			);
			name = "Supporting Files";
			sourceTree = "<group>";
		};
		827902D514979B0C0018F19E /* Frameworks */ = {
			isa = PBXGroup;
			children = (
				827902D614979B0C0018F19E /* Foundation.framework */,
				827902FF1497E4600018F19E /* Cocoa.framework */,
				82F79916149924E900920028 /* SenTestingKit.framework */,
				8231532C1577816900D73D75 /* UIKit.framework */,
				827903011497E4600018F19E /* Other Frameworks */,
			);
			name = Frameworks;
			sourceTree = "<group>";
		};
		827903011497E4600018F19E /* Other Frameworks */ = {
			isa = PBXGroup;
			children = (
				827903021497E4600018F19E /* AppKit.framework */,
				827903031497E4600018F19E /* CoreData.framework */,
				827903041497E4600018F19E /* Foundation.framework */,
			);
			name = "Other Frameworks";
			sourceTree = "<group>";
		};
		8279032C1497E53E0018F19E /* TumblrKit for iOS */ = {
			isa = PBXGroup;
			children = (
				8279032F1497E53E0018F19E /* TumblrKit_for_iOS.h */,
				827903301497E53E0018F19E /* TumblrKit_for_iOS.m */,
				8279032D1497E53E0018F19E /* Supporting Files */,
			);
			path = "TumblrKit for iOS";
			sourceTree = "<group>";
		};
		8279032D1497E53E0018F19E /* Supporting Files */ = {
			isa = PBXGroup;
			children = (
				8279032E1497E53E0018F19E /* TumblrKit for iOS-Prefix.pch */,
			);
			name = "Supporting Files";
			sourceTree = "<group>";
		};
		827903501497E5860018F19E /* TumblrKit for Mac */ = {
			isa = PBXGroup;
			children = (
				827903571497E5860018F19E /* TumblrKit_for_Mac.h */,
				827903581497E5860018F19E /* TumblrKit_for_Mac.m */,
				827903511497E5860018F19E /* Supporting Files */,
			);
			path = "TumblrKit for Mac";
			sourceTree = "<group>";
		};
		827903511497E5860018F19E /* Supporting Files */ = {
			isa = PBXGroup;
			children = (
				827903521497E5860018F19E /* TumblrKit for Mac-Info.plist */,
				827903531497E5860018F19E /* InfoPlist.strings */,
				827903561497E5860018F19E /* TumblrKit for Mac-Prefix.pch */,
			);
			name = "Supporting Files";
			sourceTree = "<group>";
		};
		82B0A029123676790006D003 /* TumblrKit Additions */ = {
			isa = PBXGroup;
			children = (
				82B09F40123664CD0006D003 /* NSDictionary+TumblrKit.h */,
				82B09F41123664CD0006D003 /* NSDictionary+TumblrKit.m */,
				826CD95C11EDDAD600F5CB24 /* NSString+TumblrKit.h */,
				826CD95D11EDDAD600F5CB24 /* NSString+TumblrKit.m */,
			);
			name = "TumblrKit Additions";
			sourceTree = "<group>";
		};
		82F79919149924E900920028 /* TumblrKit Tests for Mac */ = {
			isa = PBXGroup;
			children = (
				82F7991F149924E900920028 /* TumblrKit_Tests_for_Mac.h */,
				82F79920149924E900920028 /* TumblrKit_Tests_for_Mac.m */,
				82F7991A149924E900920028 /* Supporting Files */,
			);
			path = "TumblrKit Tests for Mac";
			sourceTree = "<group>";
		};
		82F7991A149924E900920028 /* Supporting Files */ = {
			isa = PBXGroup;
			children = (
				82F7991B149924E900920028 /* TumblrKit Tests for Mac-Info.plist */,
				82F7991C149924E900920028 /* InfoPlist.strings */,
				82F79922149924E900920028 /* TumblrKit Tests for Mac-Prefix.pch */,
			);
			name = "Supporting Files";
			sourceTree = "<group>";
		};
/* End PBXGroup section */

/* Begin PBXHeadersBuildPhase section */
		827903281497E53E0018F19E /* Headers */ = {
			isa = PBXHeadersBuildPhase;
			buildActionMask = 2147483647;
			files = (
				82F799081497F27300920028 /* TKPostsRequest.h in Headers */,
				82F7992B14992ED100920028 /* TKPostsResponse.h in Headers */,
				82F79931149A167B00920028 /* TKTumblelogsRequest.h in Headers */,
				82F79937149A19F500920028 /* TKTumblelogsResponse.h in Headers */,
			);
			runOnlyForDeploymentPostprocessing = 0;
		};
		8279034B1497E5860018F19E /* Headers */ = {
			isa = PBXHeadersBuildPhase;
			buildActionMask = 2147483647;
			files = (
				82F799091497F27300920028 /* TKPostsRequest.h in Headers */,
				82F7992C14992ED100920028 /* TKPostsResponse.h in Headers */,
				82F79932149A167B00920028 /* TKTumblelogsRequest.h in Headers */,
				82F79938149A19F500920028 /* TKTumblelogsResponse.h in Headers */,
			);
			runOnlyForDeploymentPostprocessing = 0;
		};
/* End PBXHeadersBuildPhase section */

/* Begin PBXNativeTarget section */
		823153291577816900D73D75 /* TumblrKit Tests for iOS */ = {
			isa = PBXNativeTarget;
			buildConfigurationList = 8231533B1577816900D73D75 /* Build configuration list for PBXNativeTarget "TumblrKit Tests for iOS" */;
			buildPhases = (
				823153251577816900D73D75 /* Sources */,
				823153261577816900D73D75 /* Frameworks */,
				823153271577816900D73D75 /* Resources */,
				823153281577816900D73D75 /* ShellScript */,
			);
			buildRules = (
			);
			dependencies = (
			);
			name = "TumblrKit Tests for iOS";
			productName = "TumblrKit Tests for iOS";
			productReference = 8231532A1577816900D73D75 /* TumblrKit Tests for iOS.octest */;
			productType = "com.apple.product-type.bundle";
		};
		827903291497E53E0018F19E /* TumblrKit for iOS */ = {
			isa = PBXNativeTarget;
			buildConfigurationList = 827903321497E53E0018F19E /* Build configuration list for PBXNativeTarget "TumblrKit for iOS" */;
			buildPhases = (
				827903261497E53E0018F19E /* Sources */,
				827903271497E53E0018F19E /* Frameworks */,
				827903281497E53E0018F19E /* Headers */,
			);
			buildRules = (
			);
			dependencies = (
			);
			name = "TumblrKit for iOS";
			productName = "TumblrKit for iOS";
			productReference = 8279032A1497E53E0018F19E /* libTumblrKit.a */;
			productType = "com.apple.product-type.library.static";
		};
		8279034D1497E5860018F19E /* TumblrKit for Mac */ = {
			isa = PBXNativeTarget;
			buildConfigurationList = 8279035A1497E5860018F19E /* Build configuration list for PBXNativeTarget "TumblrKit for Mac" */;
			buildPhases = (
				827903491497E5860018F19E /* Sources */,
				8279034A1497E5860018F19E /* Frameworks */,
				8279034B1497E5860018F19E /* Headers */,
				8279034C1497E5860018F19E /* Resources */,
			);
			buildRules = (
			);
			dependencies = (
			);
			name = "TumblrKit for Mac";
			productName = "TumblrKit for Mac";
			productReference = 8279034E1497E5860018F19E /* TumblrKit.framework */;
			productType = "com.apple.product-type.framework";
		};
		82F79914149924E900920028 /* TumblrKit Tests for Mac */ = {
			isa = PBXNativeTarget;
			buildConfigurationList = 82F79923149924E900920028 /* Build configuration list for PBXNativeTarget "TumblrKit Tests for Mac" */;
			buildPhases = (
				82F79910149924E900920028 /* Sources */,
				82F79911149924E900920028 /* Frameworks */,
				82F79912149924E900920028 /* Resources */,
				82F79913149924E900920028 /* ShellScript */,
			);
			buildRules = (
			);
			dependencies = (
				82F79927149924FA00920028 /* PBXTargetDependency */,
			);
			name = "TumblrKit Tests for Mac";
			productName = "TumblrKit Tests for Mac";
			productReference = 82F79915149924E900920028 /* TumblrKit Tests for Mac.octest */;
			productType = "com.apple.product-type.bundle";
		};
/* End PBXNativeTarget section */

/* Begin PBXProject section */
		0867D690FE84028FC02AAC07 /* Project object */ = {
			isa = PBXProject;
			attributes = {
				LastUpgradeCheck = 0420;
				ORGANIZATIONNAME = TumblrKit;
			};
			buildConfigurationList = 1DEB91B108733DA50010E9CD /* Build configuration list for PBXProject "TumblrKit" */;
			compatibilityVersion = "Xcode 3.2";
			developmentRegion = English;
			hasScannedForEncodings = 1;
			knownRegions = (
				English,
				Japanese,
				French,
				German,
				en,
			);
			mainGroup = 0867D691FE84028FC02AAC07 /* TumblrKit */;
			productRefGroup = 034768DFFF38A50411DB9C8B /* Products */;
			projectDirPath = "";
			projectRoot = "";
			targets = (
				82B09E70123543700006D003 /* Documentation */,
				827903291497E53E0018F19E /* TumblrKit for iOS */,
				8279034D1497E5860018F19E /* TumblrKit for Mac */,
				82F79914149924E900920028 /* TumblrKit Tests for Mac */,
				823153291577816900D73D75 /* TumblrKit Tests for iOS */,
			);
		};
/* End PBXProject section */

/* Begin PBXResourcesBuildPhase section */
		823153271577816900D73D75 /* Resources */ = {
			isa = PBXResourcesBuildPhase;
			buildActionMask = 2147483647;
			files = (
				823153341577816900D73D75 /* InfoPlist.strings in Resources */,
			);
			runOnlyForDeploymentPostprocessing = 0;
		};
		8279034C1497E5860018F19E /* Resources */ = {
			isa = PBXResourcesBuildPhase;
			buildActionMask = 2147483647;
			files = (
				827903551497E5860018F19E /* InfoPlist.strings in Resources */,
			);
			runOnlyForDeploymentPostprocessing = 0;
		};
		82F79912149924E900920028 /* Resources */ = {
			isa = PBXResourcesBuildPhase;
			buildActionMask = 2147483647;
			files = (
				82F7991E149924E900920028 /* InfoPlist.strings in Resources */,
			);
			runOnlyForDeploymentPostprocessing = 0;
		};
/* End PBXResourcesBuildPhase section */

/* Begin PBXShellScriptBuildPhase section */
		823153281577816900D73D75 /* ShellScript */ = {
			isa = PBXShellScriptBuildPhase;
			buildActionMask = 2147483647;
			files = (
			);
			inputPaths = (
			);
			outputPaths = (
			);
			runOnlyForDeploymentPostprocessing = 0;
			shellPath = /bin/sh;
			shellScript = "# Run the unit tests in this test bundle.\n\"${SYSTEM_DEVELOPER_DIR}/Tools/RunUnitTests\"\n";
		};
		82B09E6F123543700006D003 /* ShellScript */ = {
			isa = PBXShellScriptBuildPhase;
			buildActionMask = 2147483647;
			files = (
			);
			inputPaths = (
			);
			outputPaths = (
			);
			runOnlyForDeploymentPostprocessing = 0;
			shellPath = /bin/sh;
			shellScript = "#  Build the doxygen documentation for the project and load the docset into Xcode.\n\n#  Use the following to adjust the value of the $DOXYGEN_PATH User-Defined Setting:\n#    Binary install location: /Applications/Doxygen.app/Contents/Resources/doxygen\n#    Source build install location: /usr/local/bin/doxygen\n\n#  If the config file doesn't exist, run 'doxygen -g $SOURCE_ROOT/doxygen.config' to \n#   a get default file.\n\nif ! [ -f $SOURCE_ROOT/doxygen.config ] \nthen \n  echo doxygen config file does not exist\n  $DOXYGEN_PATH -g $SOURCE_ROOT/doxygen.config\nfi\n\n#  Append the proper input/output directories and docset info to the config file.\n#  This works even though values are assigned higher up in the file. Easier than sed.\n\ncp -a $SOURCE_ROOT/doxygen.config $TEMP_DIR/doxygen.config\n\necho \"INPUT = $SOURCE_ROOT\" >> $TEMP_DIR/doxygen.config\necho \"OUTPUT_DIRECTORY = $SOURCE_ROOT/DoxygenDocs.docset\" >> $TEMP_DIR/doxygen.config\necho \"GENERATE_DOCSET = YES\" >> $TEMP_DIR/doxygen.config\necho \"DOCSET_BUNDLE_ID = com.mycompany.DoxygenExample\" >> $TEMP_DIR/doxygen.config\n\n#  Run doxygen on the updated config file.\n#  Note: doxygen creates a Makefile that does most of the heavy lifting.\n\n$DOXYGEN_PATH $TEMP_DIR/doxygen.config\n\n#  make will invoke docsetutil. Take a look at the Makefile to see how this is done.\n\nmake -C $SOURCE_ROOT/DoxygenDocs.docset/html install\n\n#  Construct a temporary applescript file to tell Xcode to load a docset.\n\nrm -f $TEMP_DIR/loadDocSet.scpt\n\necho \"tell application \\\"Xcode\\\"\" >> $TEMP_DIR/loadDocSet.scpt\necho \"load documentation set with path \\\"/Users/$USER/Library/Developer/Shared/Documentation/DocSets/\\\"\" \n     >> $TEMP_DIR/loadDocSet.scpt\necho \"end tell\" >> $TEMP_DIR/loadDocSet.scpt\n\n#  Run the load-docset applescript command.\n\nosascript $TEMP_DIR/loadDocSet.scpt\n\nexit 0";
		};
		82F79913149924E900920028 /* ShellScript */ = {
			isa = PBXShellScriptBuildPhase;
			buildActionMask = 2147483647;
			files = (
			);
			inputPaths = (
			);
			outputPaths = (
			);
			runOnlyForDeploymentPostprocessing = 0;
			shellPath = /bin/sh;
			shellScript = "# Run the unit tests in this test bundle.\n\"${SYSTEM_DEVELOPER_DIR}/Tools/RunUnitTests\"\n";
		};
/* End PBXShellScriptBuildPhase section */

/* Begin PBXSourcesBuildPhase section */
		823153251577816900D73D75 /* Sources */ = {
			isa = PBXSourcesBuildPhase;
			buildActionMask = 2147483647;
			files = (
				823153371577816900D73D75 /* TumblrKit_Tests_for_iOS.m in Sources */,
			);
			runOnlyForDeploymentPostprocessing = 0;
		};
		827903261497E53E0018F19E /* Sources */ = {
			isa = PBXSourcesBuildPhase;
			buildActionMask = 2147483647;
			files = (
				82F799051497ED7A00920028 /* TKRequest.m in Sources */,
				82F798F31497E78A00920028 /* NSDictionary+TumblrKit.m in Sources */,
				82F798F41497E78A00920028 /* NSString+TumblrKit.m in Sources */,
				82F798F51497E78A00920028 /* TKPost.m in Sources */,
				82F798F61497E78A00920028 /* TKTumblr.m in Sources */,
				82F798F71497E78A00920028 /* TKTumblrReadRequest.m in Sources */,
				82F798F81497E78A00920028 /* TKTumblelog.m in Sources */,
				827903311497E53E0018F19E /* TumblrKit_for_iOS.m in Sources */,
				82F7990A1497F27300920028 /* TKPostsRequest.m in Sources */,
				82F7992D14992ED100920028 /* TKPostsResponse.m in Sources */,
				82F79933149A167B00920028 /* TKTumblelogsRequest.m in Sources */,
				82F79939149A19F500920028 /* TKTumblelogsResponse.m in Sources */,
			);
			runOnlyForDeploymentPostprocessing = 0;
		};
		827903491497E5860018F19E /* Sources */ = {
			isa = PBXSourcesBuildPhase;
			buildActionMask = 2147483647;
			files = (
				82F7990F1499244800920028 /* TKRequest.m in Sources */,
				82F798FA1497E7A400920028 /* NSDictionary+TumblrKit.m in Sources */,
				82F798FB1497E7A400920028 /* NSString+TumblrKit.m in Sources */,
				82F798FC1497E7A400920028 /* TKPost.m in Sources */,
				82F798FD1497E7A400920028 /* TKTumblr.m in Sources */,
				82F798FE1497E7A400920028 /* TKTumblrReadRequest.m in Sources */,
				82F798FF1497E7A400920028 /* TKTumblelog.m in Sources */,
				827903591497E5860018F19E /* TumblrKit_for_Mac.m in Sources */,
				82F7990B1497F27300920028 /* TKPostsRequest.m in Sources */,
				82F7992E14992ED100920028 /* TKPostsResponse.m in Sources */,
				82F79934149A167B00920028 /* TKTumblelogsRequest.m in Sources */,
				82F7993A149A19F500920028 /* TKTumblelogsResponse.m in Sources */,
			);
			runOnlyForDeploymentPostprocessing = 0;
		};
		82F79910149924E900920028 /* Sources */ = {
			isa = PBXSourcesBuildPhase;
			buildActionMask = 2147483647;
			files = (
				82F79921149924E900920028 /* TumblrKit_Tests_for_Mac.m in Sources */,
			);
			runOnlyForDeploymentPostprocessing = 0;
		};
/* End PBXSourcesBuildPhase section */

/* Begin PBXTargetDependency section */
		82F79927149924FA00920028 /* PBXTargetDependency */ = {
			isa = PBXTargetDependency;
			target = 8279034D1497E5860018F19E /* TumblrKit for Mac */;
			targetProxy = 82F79926149924FA00920028 /* PBXContainerItemProxy */;
		};
/* End PBXTargetDependency section */

/* Begin PBXVariantGroup section */
		089C1666FE841158C02AAC07 /* InfoPlist.strings */ = {
			isa = PBXVariantGroup;
			children = (
				089C1667FE841158C02AAC07 /* English */,
			);
			name = InfoPlist.strings;
			sourceTree = "<group>";
		};
		823153321577816900D73D75 /* InfoPlist.strings */ = {
			isa = PBXVariantGroup;
			children = (
				823153331577816900D73D75 /* en */,
			);
			name = InfoPlist.strings;
			sourceTree = "<group>";
		};
		827903531497E5860018F19E /* InfoPlist.strings */ = {
			isa = PBXVariantGroup;
			children = (
				827903541497E5860018F19E /* en */,
			);
			name = InfoPlist.strings;
			sourceTree = "<group>";
		};
		82F7991C149924E900920028 /* InfoPlist.strings */ = {
			isa = PBXVariantGroup;
			children = (
				82F7991D149924E900920028 /* en */,
			);
			name = InfoPlist.strings;
			sourceTree = "<group>";
		};
/* End PBXVariantGroup section */

/* Begin XCBuildConfiguration section */
		1DEB91B208733DA50010E9CD /* Debug */ = {
			isa = XCBuildConfiguration;
			buildSettings = {
				ARCHS = "$(ARCHS_STANDARD_32_64_BIT)";
				GCC_C_LANGUAGE_STANDARD = gnu99;
				GCC_OPTIMIZATION_LEVEL = 0;
				GCC_WARN_ABOUT_RETURN_TYPE = YES;
				GCC_WARN_UNUSED_VARIABLE = YES;
				ONLY_ACTIVE_ARCH = YES;
				PRODUCT_NAME = TumblrKit;
				SDKROOT = macosx;
			};
			name = Debug;
		};
		1DEB91B308733DA50010E9CD /* Release */ = {
			isa = XCBuildConfiguration;
			buildSettings = {
				ARCHS = "$(ARCHS_STANDARD_32_64_BIT)";
				GCC_C_LANGUAGE_STANDARD = gnu99;
				GCC_WARN_ABOUT_RETURN_TYPE = YES;
				GCC_WARN_UNUSED_VARIABLE = YES;
				PRODUCT_NAME = TumblrKit;
				SDKROOT = macosx;
			};
			name = Release;
		};
		823153391577816900D73D75 /* Debug */ = {
			isa = XCBuildConfiguration;
			buildSettings = {
				ALWAYS_SEARCH_USER_PATHS = NO;
				ARCHS = "$(ARCHS_STANDARD_32_BIT)";
				CLANG_ENABLE_OBJC_ARC = YES;
				COPY_PHASE_STRIP = NO;
				FRAMEWORK_SEARCH_PATHS = (
					"$(SDKROOT)/Developer/Library/Frameworks",
					"$(DEVELOPER_LIBRARY_DIR)/Frameworks",
				);
				GCC_DYNAMIC_NO_PIC = NO;
				GCC_PRECOMPILE_PREFIX_HEADER = YES;
				GCC_PREFIX_HEADER = "TumblrKit Tests for iOS/TumblrKit Tests for iOS-Prefix.pch";
				GCC_PREPROCESSOR_DEFINITIONS = (
					"DEBUG=1",
					"$(inherited)",
				);
				GCC_SYMBOLS_PRIVATE_EXTERN = NO;
				GCC_VERSION = com.apple.compilers.llvm.clang.1_0;
				GCC_WARN_UNINITIALIZED_AUTOS = YES;
				INFOPLIST_FILE = "TumblrKit Tests for iOS/TumblrKit Tests for iOS-Info.plist";
				IPHONEOS_DEPLOYMENT_TARGET = 5.1;
				PRODUCT_NAME = "$(TARGET_NAME)";
				SDKROOT = iphoneos;
				WRAPPER_EXTENSION = octest;
			};
			name = Debug;
		};
		8231533A1577816900D73D75 /* Release */ = {
			isa = XCBuildConfiguration;
			buildSettings = {
				ALWAYS_SEARCH_USER_PATHS = NO;
				ARCHS = "$(ARCHS_STANDARD_32_BIT)";
				CLANG_ENABLE_OBJC_ARC = YES;
				COPY_PHASE_STRIP = YES;
				FRAMEWORK_SEARCH_PATHS = (
					"$(SDKROOT)/Developer/Library/Frameworks",
					"$(DEVELOPER_LIBRARY_DIR)/Frameworks",
				);
				GCC_PRECOMPILE_PREFIX_HEADER = YES;
				GCC_PREFIX_HEADER = "TumblrKit Tests for iOS/TumblrKit Tests for iOS-Prefix.pch";
				GCC_VERSION = com.apple.compilers.llvm.clang.1_0;
				GCC_WARN_UNINITIALIZED_AUTOS = YES;
				INFOPLIST_FILE = "TumblrKit Tests for iOS/TumblrKit Tests for iOS-Info.plist";
				IPHONEOS_DEPLOYMENT_TARGET = 5.1;
				PRODUCT_NAME = "$(TARGET_NAME)";
				SDKROOT = iphoneos;
				VALIDATE_PRODUCT = YES;
				WRAPPER_EXTENSION = octest;
			};
			name = Release;
		};
		827903331497E53E0018F19E /* Debug */ = {
			isa = XCBuildConfiguration;
			buildSettings = {
				ALWAYS_SEARCH_USER_PATHS = NO;
				ARCHS = "$(ARCHS_STANDARD_32_BIT)";
				CLANG_ENABLE_OBJC_ARC = YES;
				COPY_PHASE_STRIP = NO;
				DSTROOT = /tmp/TumblrKit_for_iOS.dst;
				GCC_DYNAMIC_NO_PIC = NO;
				GCC_PRECOMPILE_PREFIX_HEADER = YES;
				GCC_PREFIX_HEADER = "TumblrKit for iOS/TumblrKit for iOS-Prefix.pch";
				GCC_PREPROCESSOR_DEFINITIONS = (
					"DEBUG=1",
					"$(inherited)",
				);
				GCC_SYMBOLS_PRIVATE_EXTERN = NO;
				GCC_VERSION = com.apple.compilers.llvm.clang.1_0;
				GCC_WARN_ABOUT_MISSING_PROTOTYPES = YES;
				IPHONEOS_DEPLOYMENT_TARGET = 5.0;
				OTHER_LDFLAGS = "-ObjC";
				PRODUCT_NAME = "$(PRODUCT_NAME)";
				SDKROOT = iphoneos;
				SKIP_INSTALL = YES;
				WRAPPER_EXTENSION = TumblrKit;
			};
			name = Debug;
		};
		827903341497E53E0018F19E /* Release */ = {
			isa = XCBuildConfiguration;
			buildSettings = {
				ALWAYS_SEARCH_USER_PATHS = NO;
				ARCHS = "$(ARCHS_STANDARD_32_BIT)";
				CLANG_ENABLE_OBJC_ARC = YES;
				COPY_PHASE_STRIP = YES;
				DSTROOT = /tmp/TumblrKit_for_iOS.dst;
				GCC_PRECOMPILE_PREFIX_HEADER = YES;
				GCC_PREFIX_HEADER = "TumblrKit for iOS/TumblrKit for iOS-Prefix.pch";
				GCC_VERSION = com.apple.compilers.llvm.clang.1_0;
				GCC_WARN_ABOUT_MISSING_PROTOTYPES = YES;
				IPHONEOS_DEPLOYMENT_TARGET = 5.0;
				OTHER_LDFLAGS = "-ObjC";
				PRODUCT_NAME = "$(PRODUCT_NAME)";
				SDKROOT = iphoneos;
				SKIP_INSTALL = YES;
				VALIDATE_PRODUCT = YES;
				WRAPPER_EXTENSION = TumblrKit;
			};
			name = Release;
		};
		8279035B1497E5860018F19E /* Debug */ = {
			isa = XCBuildConfiguration;
			buildSettings = {
				ALWAYS_SEARCH_USER_PATHS = NO;
				ARCHS = "$(ARCHS_STANDARD_64_BIT)";
				CLANG_ENABLE_OBJC_ARC = YES;
				COPY_PHASE_STRIP = NO;
				DYLIB_COMPATIBILITY_VERSION = 1;
				DYLIB_CURRENT_VERSION = 1;
				FRAMEWORK_VERSION = A;
				GCC_DYNAMIC_NO_PIC = NO;
				GCC_ENABLE_OBJC_EXCEPTIONS = YES;
				GCC_PRECOMPILE_PREFIX_HEADER = YES;
				GCC_PREFIX_HEADER = "TumblrKit for Mac/TumblrKit for Mac-Prefix.pch";
				GCC_PREPROCESSOR_DEFINITIONS = (
					"DEBUG=1",
					"$(inherited)",
				);
				GCC_SYMBOLS_PRIVATE_EXTERN = NO;
				GCC_VERSION = com.apple.compilers.llvm.clang.1_0;
				GCC_WARN_64_TO_32_BIT_CONVERSION = YES;
				GCC_WARN_ABOUT_MISSING_PROTOTYPES = YES;
				INFOPLIST_FILE = "TumblrKit for Mac/TumblrKit for Mac-Info.plist";
				MACOSX_DEPLOYMENT_TARGET = 10.7;
				PRODUCT_NAME = "$(PRODUCT_NAME)";
				WRAPPER_EXTENSION = framework;
			};
			name = Debug;
		};
		8279035C1497E5860018F19E /* Release */ = {
			isa = XCBuildConfiguration;
			buildSettings = {
				ALWAYS_SEARCH_USER_PATHS = NO;
				ARCHS = "$(ARCHS_STANDARD_64_BIT)";
				CLANG_ENABLE_OBJC_ARC = YES;
				COPY_PHASE_STRIP = YES;
				DEBUG_INFORMATION_FORMAT = "dwarf-with-dsym";
				DYLIB_COMPATIBILITY_VERSION = 1;
				DYLIB_CURRENT_VERSION = 1;
				FRAMEWORK_VERSION = A;
				GCC_ENABLE_OBJC_EXCEPTIONS = YES;
				GCC_PRECOMPILE_PREFIX_HEADER = YES;
				GCC_PREFIX_HEADER = "TumblrKit for Mac/TumblrKit for Mac-Prefix.pch";
				GCC_VERSION = com.apple.compilers.llvm.clang.1_0;
				GCC_WARN_64_TO_32_BIT_CONVERSION = YES;
				GCC_WARN_ABOUT_MISSING_PROTOTYPES = YES;
				INFOPLIST_FILE = "TumblrKit for Mac/TumblrKit for Mac-Info.plist";
				MACOSX_DEPLOYMENT_TARGET = 10.7;
				PRODUCT_NAME = "$(PRODUCT_NAME)";
				WRAPPER_EXTENSION = framework;
			};
			name = Release;
		};
		82B09E71123543700006D003 /* Debug */ = {
			isa = XCBuildConfiguration;
			buildSettings = {
				COPY_PHASE_STRIP = NO;
				DOXYGEN_PATH = /Applications/Doxygen.app/Contents/Resources/doxygen;
				GCC_DYNAMIC_NO_PIC = NO;
				GCC_OPTIMIZATION_LEVEL = 0;
				PRODUCT_NAME = Documentation;
			};
			name = Debug;
		};
		82B09E72123543700006D003 /* Release */ = {
			isa = XCBuildConfiguration;
			buildSettings = {
				COPY_PHASE_STRIP = YES;
				DEBUG_INFORMATION_FORMAT = "dwarf-with-dsym";
				DOXYGEN_PATH = /Applications/Doxygen.app/Contents/Resources/doxygen;
				PRODUCT_NAME = Documentation;
				ZERO_LINK = YES;
			};
			name = Release;
		};
		82F79924149924E900920028 /* Debug */ = {
			isa = XCBuildConfiguration;
			buildSettings = {
				ALWAYS_SEARCH_USER_PATHS = NO;
				ARCHS = "$(ARCHS_STANDARD_64_BIT)";
				CLANG_ENABLE_OBJC_ARC = YES;
				COPY_PHASE_STRIP = NO;
				FRAMEWORK_SEARCH_PATHS = "$(DEVELOPER_LIBRARY_DIR)/Frameworks/**";
				GCC_DYNAMIC_NO_PIC = NO;
				GCC_ENABLE_OBJC_EXCEPTIONS = YES;
				GCC_PRECOMPILE_PREFIX_HEADER = YES;
				GCC_PREFIX_HEADER = "TumblrKit Tests for Mac/TumblrKit Tests for Mac-Prefix.pch";
				GCC_PREPROCESSOR_DEFINITIONS = (
					"DEBUG=1",
					"$(inherited)",
				);
				GCC_SYMBOLS_PRIVATE_EXTERN = NO;
				GCC_VERSION = com.apple.compilers.llvm.clang.1_0;
				GCC_WARN_64_TO_32_BIT_CONVERSION = YES;
				GCC_WARN_ABOUT_MISSING_PROTOTYPES = YES;
				INFOPLIST_FILE = "TumblrKit Tests for Mac/TumblrKit Tests for Mac-Info.plist";
				MACOSX_DEPLOYMENT_TARGET = 10.7;
				PRODUCT_NAME = "$(TARGET_NAME)";
				WRAPPER_EXTENSION = octest;
			};
			name = Debug;
		};
		82F79925149924E900920028 /* Release */ = {
			isa = XCBuildConfiguration;
			buildSettings = {
				ALWAYS_SEARCH_USER_PATHS = NO;
				ARCHS = "$(ARCHS_STANDARD_64_BIT)";
				CLANG_ENABLE_OBJC_ARC = YES;
				COPY_PHASE_STRIP = YES;
				DEBUG_INFORMATION_FORMAT = "dwarf-with-dsym";
				FRAMEWORK_SEARCH_PATHS = "$(DEVELOPER_LIBRARY_DIR)/Frameworks/**";
				GCC_ENABLE_OBJC_EXCEPTIONS = YES;
				GCC_PRECOMPILE_PREFIX_HEADER = YES;
				GCC_PREFIX_HEADER = "TumblrKit Tests for Mac/TumblrKit Tests for Mac-Prefix.pch";
				GCC_VERSION = com.apple.compilers.llvm.clang.1_0;
				GCC_WARN_64_TO_32_BIT_CONVERSION = YES;
				GCC_WARN_ABOUT_MISSING_PROTOTYPES = YES;
				INFOPLIST_FILE = "TumblrKit Tests for Mac/TumblrKit Tests for Mac-Info.plist";
				MACOSX_DEPLOYMENT_TARGET = 10.7;
				PRODUCT_NAME = "$(TARGET_NAME)";
				WRAPPER_EXTENSION = octest;
			};
			name = Release;
		};
/* End XCBuildConfiguration section */

/* Begin XCConfigurationList section */
		1DEB91B108733DA50010E9CD /* Build configuration list for PBXProject "TumblrKit" */ = {
			isa = XCConfigurationList;
			buildConfigurations = (
				1DEB91B208733DA50010E9CD /* Debug */,
				1DEB91B308733DA50010E9CD /* Release */,
			);
			defaultConfigurationIsVisible = 0;
			defaultConfigurationName = Release;
		};
		8231533B1577816900D73D75 /* Build configuration list for PBXNativeTarget "TumblrKit Tests for iOS" */ = {
			isa = XCConfigurationList;
			buildConfigurations = (
				823153391577816900D73D75 /* Debug */,
				8231533A1577816900D73D75 /* Release */,
			);
			defaultConfigurationIsVisible = 0;
		};
		827903321497E53E0018F19E /* Build configuration list for PBXNativeTarget "TumblrKit for iOS" */ = {
			isa = XCConfigurationList;
			buildConfigurations = (
				827903331497E53E0018F19E /* Debug */,
				827903341497E53E0018F19E /* Release */,
			);
			defaultConfigurationIsVisible = 0;
			defaultConfigurationName = Release;
		};
		8279035A1497E5860018F19E /* Build configuration list for PBXNativeTarget "TumblrKit for Mac" */ = {
			isa = XCConfigurationList;
			buildConfigurations = (
				8279035B1497E5860018F19E /* Debug */,
				8279035C1497E5860018F19E /* Release */,
			);
			defaultConfigurationIsVisible = 0;
			defaultConfigurationName = Release;
		};
		82B09E781235438A0006D003 /* Build configuration list for PBXAggregateTarget "Documentation" */ = {
			isa = XCConfigurationList;
			buildConfigurations = (
				82B09E71123543700006D003 /* Debug */,
				82B09E72123543700006D003 /* Release */,
			);
			defaultConfigurationIsVisible = 0;
			defaultConfigurationName = Release;
		};
		82F79923149924E900920028 /* Build configuration list for PBXNativeTarget "TumblrKit Tests for Mac" */ = {
			isa = XCConfigurationList;
			buildConfigurations = (
				82F79924149924E900920028 /* Debug */,
				82F79925149924E900920028 /* Release */,
			);
			defaultConfigurationIsVisible = 0;
			defaultConfigurationName = Release;
		};
/* End XCConfigurationList section */
	};
	rootObject = 0867D690FE84028FC02AAC07 /* Project object */;
}
